
Microsoft Visual Studio Solution File, Format Version 12.00
# Visual Studio Version 16
VisualStudioVersion = 16.0.31613.86
MinimumVisualStudioVersion = 10.0.40219.1
Project("{FAE04EC0-301F-11D3-BF4B-00C04F79EFBC}") = "102190222_HuynhThiKhanhLinh", "102190222_HuynhThiKhanhLinh\102190222_HuynhThiKhanhLinh.csproj", "{51F53731-7E1A-4AD8-93F9-5F7C99F0993C}"
EndProject
Global
	GlobalSection(SolutionConfigurationPlatforms) = preSolution
		Debug|Any CPU = Debug|Any CPU
		Release|Any CPU = Release|Any CPU
	EndGlobalSection
	GlobalSection(ProjectConfigurationPlatforms) = postSolution
		{51F53731-7E1A-4AD8-93F9-5F7C99F0993C}.Debug|Any CPU.ActiveCfg = Debug|Any CPU
		{51F53731-7E1A-4AD8-93F9-5F7C99F0993C}.Debug|Any CPU.Build.0 = Debug|Any CPU
		{51F53731-7E1A-4AD8-93F9-5F7C99F0993C}.Release|Any CPU.ActiveCfg = Release|Any CPU
		{51F53731-7E1A-4AD8-93F9-5F7C99F0993C}.Release|Any CPU.Build.0 = Release|Any CPU
	EndGlobalSection
	GlobalSection(SolutionProperties) = preSolution
		HideSolutionNode = FALSE
	EndGlobalSection
	GlobalSection(ExtensibilityGlobals) = postSolution
		SolutionGuid = {3A6C6785-FC35-490E-92D6-B280F279A815}
	EndGlobalSection
EndGlobal
